
Microsoft Visual Studio Solution File, Format Version 12.00
# Visual Studio Version 16
VisualStudioVersion = 16.0.31025.194
MinimumVisualStudioVersion = 10.0.40219.1
Project("{FAE04EC0-301F-11D3-BF4B-00C04F79EFBC}") = "TCP-IP_SerCli", "TCP-IP_SerCli\TCP-IP_SerCli.csproj", "{F45D2750-1A94-42D7-A347-8E9ADE314E0E}"
EndProject
Global
	GlobalSection(SolutionConfigurationPlatforms) = preSolution
		Debug|Any CPU = Debug|Any CPU
		Release|Any CPU = Release|Any CPU
	EndGlobalSection
	GlobalSection(ProjectConfigurationPlatforms) = postSolution
		{F45D2750-1A94-42D7-A347-8E9ADE314E0E}.Debug|Any CPU.ActiveCfg = Debug|Any CPU
		{F45D2750-1A94-42D7-A347-8E9ADE314E0E}.Debug|Any CPU.Build.0 = Debug|Any CPU
		{F45D2750-1A94-42D7-A347-8E9ADE314E0E}.Release|Any CPU.ActiveCfg = Release|Any CPU
		{F45D2750-1A94-42D7-A347-8E9ADE314E0E}.Release|Any CPU.Build.0 = Release|Any CPU
	EndGlobalSection
	GlobalSection(SolutionProperties) = preSolution
		HideSolutionNode = FALSE
	EndGlobalSection
	GlobalSection(ExtensibilityGlobals) = postSolution
		SolutionGuid = {55E6E564-FA2C-4C5A-BA4A-0101A5252280}
	EndGlobalSection
EndGlobal
